# This file is automatically @generated by Cargo.
# It is not intended for manual editing.
version = 3

[[package]]
name = "glob"
version = "0.3.1"
source = "registry+https://github.com/rust-lang/crates.io-index"
checksum = "d2fabcfbdc87f4758337ca535fb41a6d701b65693ce38287d856d1674551ec9b"

[[package]]
name = "kfs"
version = "0.1.0"
dependencies = [
 "glob",
 "nasm-rs",
]

[[package]]
name = "nasm-rs"
version = "0.2.4"
source = "registry+https://github.com/rust-lang/crates.io-index"
checksum = "ce095842aee9aa3ecbda7a5d2a4df680375fd128a8596b6b56f8e497e231f483"
