# This file is automatically @generated by Cargo.
# It is not intended for manual editing.
version = 3

[[package]]
name = "bitflags"
version = "1.3.2"
source = "registry+https://github.com/rust-lang/crates.io-index"
checksum = "bef38d45163c2f1dde094a7dfd33ccf595c92905c8f8f4fdc18d06fb1037718a"

[[package]]
name = "glob"
version = "0.3.1"
source = "registry+https://github.com/rust-lang/crates.io-index"
checksum = "d2fabcfbdc87f4758337ca535fb41a6d701b65693ce38287d856d1674551ec9b"

[[package]]
name = "kfs"
version = "0.0.2"
dependencies = [
 "glob",
 "multiboot2",
 "nasm-rs",
 "rustc-demangle",
]

[[package]]
name = "multiboot2"
version = "0.14.0"
source = "registry+https://github.com/rust-lang/crates.io-index"
checksum = "e6170b6f12ea75d8d0f5621e3ed780b041a666c4a5b904c77261fe343d0e798d"
dependencies = [
 "bitflags",
]

[[package]]
name = "nasm-rs"
version = "0.2.4"
source = "registry+https://github.com/rust-lang/crates.io-index"
checksum = "ce095842aee9aa3ecbda7a5d2a4df680375fd128a8596b6b56f8e497e231f483"

[[package]]
name = "rustc-demangle"
version = "0.1.21"
source = "registry+https://github.com/rust-lang/crates.io-index"
checksum = "7ef03e0a2b150c7a90d01faf6254c9c48a41e95fb2a8c2ac1c6f0d2b9aefc342"
